
Microsoft Visual Studio Solution File, Format Version 12.00
# Visual Studio Version 16
VisualStudioVersion = 16.0.31205.134
MinimumVisualStudioVersion = 10.0.40219.1
Project("{8BC9CEB8-8B4A-11D0-8D11-00A0C91BC942}") = "Single Document App 10", "Single Document App 10.vcxproj", "{DFCA88BB-11EA-4088-A699-65028A867BFE}"
EndProject
Global
	GlobalSection(SolutionConfigurationPlatforms) = preSolution
		Debug|x64 = Debug|x64
		Debug|x86 = Debug|x86
		Release|x64 = Release|x64
		Release|x86 = Release|x86
	EndGlobalSection
	GlobalSection(ProjectConfigurationPlatforms) = postSolution
		{DFCA88BB-11EA-4088-A699-65028A867BFE}.Debug|x64.ActiveCfg = Debug|x64
		{DFCA88BB-11EA-4088-A699-65028A867BFE}.Debug|x64.Build.0 = Debug|x64
		{DFCA88BB-11EA-4088-A699-65028A867BFE}.Debug|x86.ActiveCfg = Debug|Win32
		{DFCA88BB-11EA-4088-A699-65028A867BFE}.Debug|x86.Build.0 = Debug|Win32
		{DFCA88BB-11EA-4088-A699-65028A867BFE}.Release|x64.ActiveCfg = Release|x64
		{DFCA88BB-11EA-4088-A699-65028A867BFE}.Release|x64.Build.0 = Release|x64
		{DFCA88BB-11EA-4088-A699-65028A867BFE}.Release|x86.ActiveCfg = Release|Win32
		{DFCA88BB-11EA-4088-A699-65028A867BFE}.Release|x86.Build.0 = Release|Win32
	EndGlobalSection
	GlobalSection(SolutionProperties) = preSolution
		HideSolutionNode = FALSE
	EndGlobalSection
	GlobalSection(ExtensibilityGlobals) = postSolution
		SolutionGuid = {6EE11C2E-E9B6-4780-9221-21973B7D8823}
	EndGlobalSection
EndGlobal
